
Microsoft Visual Studio Solution File, Format Version 12.00
# Visual Studio 15
Project("{FAE04EC0-301F-11D3-BF4B-00C04F79EFBC}") = "maandag", "maandag\maandag.csproj", "{84CD1614-9671-475D-B1B0-8599B9377ADC}"
EndProject
Global
	GlobalSection(SolutionConfigurationPlatforms) = preSolution
		Debug|Any CPU = Debug|Any CPU
		Release|Any CPU = Release|Any CPU
	EndGlobalSection
	GlobalSection(ProjectConfigurationPlatforms) = postSolution
		{84CD1614-9671-475D-B1B0-8599B9377ADC}.Debug|Any CPU.ActiveCfg = Debug|Any CPU
		{84CD1614-9671-475D-B1B0-8599B9377ADC}.Debug|Any CPU.Build.0 = Debug|Any CPU
		{84CD1614-9671-475D-B1B0-8599B9377ADC}.Release|Any CPU.ActiveCfg = Release|Any CPU
		{84CD1614-9671-475D-B1B0-8599B9377ADC}.Release|Any CPU.Build.0 = Release|Any CPU
	EndGlobalSection
EndGlobal
